uuid: 0bb8a428-7517-4ceb-868e-839b750ec397
langcode: en
status: true
dependencies: {  }
_core:
  default_config_hash: 5e4BCZPqr9acBiJlX6gfikEX3YdBUesFrCSUsYLWXbs
id: banner_block
label: 'Banner block'
revision: false
description: "A banner block contains a title, summary, link to content and a background image. The background image is scaled to fill the browser's width."
